
Microsoft Visual Studio Solution File, Format Version 12.00
# Visual Studio Version 17
VisualStudioVersion = 17.9.34728.123
MinimumVisualStudioVersion = 10.0.40219.1
Project("{9A19103F-16F7-4668-BE54-9A1E7A4F7556}") = "TrainRoute.Console", "TrainRoute.Console\TrainRoute.Console.csproj", "{DB0BC44F-8747-40FD-B1E1-49F64E2F716C}"
EndProject
Project("{9A19103F-16F7-4668-BE54-9A1E7A4F7556}") = "TrainRoute.Domain", "TrainRoute.Domain\TrainRoute.Domain.csproj", "{074E3AEA-7F70-462F-9FA1-7AC3F6BE70DC}"
EndProject
Project("{9A19103F-16F7-4668-BE54-9A1E7A4F7556}") = "TrainRoute.Test", "TrainRoute.Test\TrainRoute.Test.csproj", "{B36FEA70-6883-4757-9EEF-578522149A7B}"
EndProject
Global
	GlobalSection(SolutionConfigurationPlatforms) = preSolution
		Debug|Any CPU = Debug|Any CPU
		Release|Any CPU = Release|Any CPU
	EndGlobalSection
	GlobalSection(ProjectConfigurationPlatforms) = postSolution
		{DB0BC44F-8747-40FD-B1E1-49F64E2F716C}.Debug|Any CPU.ActiveCfg = Debug|Any CPU
		{DB0BC44F-8747-40FD-B1E1-49F64E2F716C}.Debug|Any CPU.Build.0 = Debug|Any CPU
		{DB0BC44F-8747-40FD-B1E1-49F64E2F716C}.Release|Any CPU.ActiveCfg = Release|Any CPU
		{DB0BC44F-8747-40FD-B1E1-49F64E2F716C}.Release|Any CPU.Build.0 = Release|Any CPU
		{074E3AEA-7F70-462F-9FA1-7AC3F6BE70DC}.Debug|Any CPU.ActiveCfg = Debug|Any CPU
		{074E3AEA-7F70-462F-9FA1-7AC3F6BE70DC}.Debug|Any CPU.Build.0 = Debug|Any CPU
		{074E3AEA-7F70-462F-9FA1-7AC3F6BE70DC}.Release|Any CPU.ActiveCfg = Release|Any CPU
		{074E3AEA-7F70-462F-9FA1-7AC3F6BE70DC}.Release|Any CPU.Build.0 = Release|Any CPU
		{B36FEA70-6883-4757-9EEF-578522149A7B}.Debug|Any CPU.ActiveCfg = Debug|Any CPU
		{B36FEA70-6883-4757-9EEF-578522149A7B}.Debug|Any CPU.Build.0 = Debug|Any CPU
		{B36FEA70-6883-4757-9EEF-578522149A7B}.Release|Any CPU.ActiveCfg = Release|Any CPU
		{B36FEA70-6883-4757-9EEF-578522149A7B}.Release|Any CPU.Build.0 = Release|Any CPU
	EndGlobalSection
	GlobalSection(SolutionProperties) = preSolution
		HideSolutionNode = FALSE
	EndGlobalSection
	GlobalSection(ExtensibilityGlobals) = postSolution
		SolutionGuid = {7C52E561-6CA2-4A3F-A069-436E37EA5412}
	EndGlobalSection
EndGlobal
